
Microsoft Visual Studio Solution File, Format Version 12.00
# Visual Studio Version 18
VisualStudioVersion = 18.4.11626.88
MinimumVisualStudioVersion = 10.0.40219.1
Project("{2150E333-8FDC-42A3-9474-1A3956D46DE8}") = "Internal", "Internal", "{5DEF7A54-AEF6-44D1-A19D-6CEC75C2A4EC}"
	ProjectSection(SolutionItems) = preProject
		Internal\.editorconfig = Internal\.editorconfig
	EndProjectSection
EndProject
Project("{2150E333-8FDC-42A3-9474-1A3956D46DE8}") = "Dlls", "Dlls", "{40F9A766-CB59-4EB4-AB3A-4ED1FAF36E0B}"
	ProjectSection(SolutionItems) = preProject
		Dlls\ABOUT.md = Dlls\ABOUT.md
	EndProjectSection
EndProject
Project("{2150E333-8FDC-42A3-9474-1A3956D46DE8}") = "DefaultTemplates", "DefaultTemplates", "{F2683535-3B81-4454-9E99-120E5016BBCE}"
	ProjectSection(SolutionItems) = preProject
		DefaultTemplates\ABOUT.md = DefaultTemplates\ABOUT.md
	EndProjectSection
EndProject
Project("{2150E333-8FDC-42A3-9474-1A3956D46DE8}") = "Documentation", "Documentation", "{64907410-BAB4-4009-93E7-0494156F0A57}"
	ProjectSection(SolutionItems) = preProject
		Documentation\ABOUT.md = Documentation\ABOUT.md
	EndProjectSection
EndProject
Project("{2150E333-8FDC-42A3-9474-1A3956D46DE8}") = "Solution Items", "Solution Items", "{A126CDC2-9F2F-4A4E-8666-D82FAC3CA7CE}"
	ProjectSection(SolutionItems) = preProject
		protocol.xml = protocol.xml
	EndProjectSection
EndProject
Project("{2150E333-8FDC-42A3-9474-1A3956D46DE8}") = "Tests", "Tests", "{13106EF1-4386-432E-A189-A7657E8004DC}"
EndProject
Project("{2150E333-8FDC-42A3-9474-1A3956D46DE8}") = "Code Analysis", "Code Analysis", "{8F2F9247-7D9D-446C-A170-D28BB9792622}"
	ProjectSection(SolutionItems) = preProject
		Internal\Code Analysis\qaction-debug.ruleset = Internal\Code Analysis\qaction-debug.ruleset
		Internal\Code Analysis\qaction-release.ruleset = Internal\Code Analysis\qaction-release.ruleset
		Internal\Code Analysis\stylecop.json = Internal\Code Analysis\stylecop.json
	EndProjectSection
EndProject
Project("{9A19103F-16F7-4668-BE54-9A1E7A4F7556}") = "QAction_Helper", "QAction_Helper\QAction_Helper.csproj", "{C9E44056-4ED1-4DF4-B7C0-9BC99BAF040E}"
EndProject
Global
	GlobalSection(SolutionConfigurationPlatforms) = preSolution
		Debug|Any CPU = Debug|Any CPU
		Release|Any CPU = Release|Any CPU
	EndGlobalSection
	GlobalSection(ProjectConfigurationPlatforms) = postSolution
		{C9E44056-4ED1-4DF4-B7C0-9BC99BAF040E}.Debug|Any CPU.ActiveCfg = Debug|Any CPU
		{C9E44056-4ED1-4DF4-B7C0-9BC99BAF040E}.Debug|Any CPU.Build.0 = Debug|Any CPU
		{C9E44056-4ED1-4DF4-B7C0-9BC99BAF040E}.Release|Any CPU.ActiveCfg = Release|Any CPU
		{C9E44056-4ED1-4DF4-B7C0-9BC99BAF040E}.Release|Any CPU.Build.0 = Release|Any CPU
	EndGlobalSection
	GlobalSection(SolutionProperties) = preSolution
		HideSolutionNode = FALSE
	EndGlobalSection
	GlobalSection(NestedProjects) = preSolution
		{8F2F9247-7D9D-446C-A170-D28BB9792622} = {5DEF7A54-AEF6-44D1-A19D-6CEC75C2A4EC}
		{C9E44056-4ED1-4DF4-B7C0-9BC99BAF040E} = {5DEF7A54-AEF6-44D1-A19D-6CEC75C2A4EC}
	EndGlobalSection
	GlobalSection(ExtensibilityGlobals) = postSolution
		SolutionGuid = {261EA61A-A5D6-4177-B799-18A68BA802AE}
	EndGlobalSection
EndGlobal
